
Microsoft Visual Studio Solution File, Format Version 11.00
# Visual Studio 2010
Project("{FAE04EC0-301F-11D3-BF4B-00C04F79EFBC}") = "Kola.Domain", "Kola.Domain\Kola.Domain.csproj", "{FAD5C96E-1268-426D-8FA2-E7FF78F794A9}"
EndProject
Project("{FAE04EC0-301F-11D3-BF4B-00C04F79EFBC}") = "Kola.Persistence", "Kola.Persistence\Kola.Persistence.csproj", "{3EA736F0-6539-4124-816B-E091EEB4AEB5}"
EndProject
Project("{FAE04EC0-301F-11D3-BF4B-00C04F79EFBC}") = "Kola.Configuration", "Kola.Configuration\Kola.Configuration.csproj", "{8E697B70-93F4-4965-91B3-070970F0AF1E}"
EndProject
Project("{FAE04EC0-301F-11D3-BF4B-00C04F79EFBC}") = "Kola.Compile", "Kola.Compile\Kola.Compile.csproj", "{33BC283A-E38B-4FA5-B3EF-8076EB114FC5}"
EndProject
Project("{FAE04EC0-301F-11D3-BF4B-00C04F79EFBC}") = "Temp", "Temp\Temp.csproj", "{A28B1534-D03E-47DB-AE58-114153102C15}"
EndProject
Global
	GlobalSection(SolutionConfigurationPlatforms) = preSolution
		Debug|Any CPU = Debug|Any CPU
		Release|Any CPU = Release|Any CPU
	EndGlobalSection
	GlobalSection(ProjectConfigurationPlatforms) = postSolution
		{FAD5C96E-1268-426D-8FA2-E7FF78F794A9}.Debug|Any CPU.ActiveCfg = Debug|Any CPU
		{FAD5C96E-1268-426D-8FA2-E7FF78F794A9}.Debug|Any CPU.Build.0 = Debug|Any CPU
		{FAD5C96E-1268-426D-8FA2-E7FF78F794A9}.Release|Any CPU.ActiveCfg = Release|Any CPU
		{FAD5C96E-1268-426D-8FA2-E7FF78F794A9}.Release|Any CPU.Build.0 = Release|Any CPU
		{3EA736F0-6539-4124-816B-E091EEB4AEB5}.Debug|Any CPU.ActiveCfg = Debug|Any CPU
		{3EA736F0-6539-4124-816B-E091EEB4AEB5}.Debug|Any CPU.Build.0 = Debug|Any CPU
		{3EA736F0-6539-4124-816B-E091EEB4AEB5}.Release|Any CPU.ActiveCfg = Release|Any CPU
		{3EA736F0-6539-4124-816B-E091EEB4AEB5}.Release|Any CPU.Build.0 = Release|Any CPU
		{8E697B70-93F4-4965-91B3-070970F0AF1E}.Debug|Any CPU.ActiveCfg = Debug|Any CPU
		{8E697B70-93F4-4965-91B3-070970F0AF1E}.Debug|Any CPU.Build.0 = Debug|Any CPU
		{8E697B70-93F4-4965-91B3-070970F0AF1E}.Release|Any CPU.ActiveCfg = Release|Any CPU
		{8E697B70-93F4-4965-91B3-070970F0AF1E}.Release|Any CPU.Build.0 = Release|Any CPU
		{33BC283A-E38B-4FA5-B3EF-8076EB114FC5}.Debug|Any CPU.ActiveCfg = Debug|Any CPU
		{33BC283A-E38B-4FA5-B3EF-8076EB114FC5}.Debug|Any CPU.Build.0 = Debug|Any CPU
		{33BC283A-E38B-4FA5-B3EF-8076EB114FC5}.Release|Any CPU.ActiveCfg = Release|Any CPU
		{33BC283A-E38B-4FA5-B3EF-8076EB114FC5}.Release|Any CPU.Build.0 = Release|Any CPU
		{A28B1534-D03E-47DB-AE58-114153102C15}.Debug|Any CPU.ActiveCfg = Debug|Any CPU
		{A28B1534-D03E-47DB-AE58-114153102C15}.Debug|Any CPU.Build.0 = Debug|Any CPU
		{A28B1534-D03E-47DB-AE58-114153102C15}.Release|Any CPU.ActiveCfg = Release|Any CPU
		{A28B1534-D03E-47DB-AE58-114153102C15}.Release|Any CPU.Build.0 = Release|Any CPU
	EndGlobalSection
	GlobalSection(SolutionProperties) = preSolution
		HideSolutionNode = FALSE
	EndGlobalSection
EndGlobal
