
Microsoft Visual Studio Solution File, Format Version 12.00
# Visual Studio 14
VisualStudioVersion = 14.0.23107.0
MinimumVisualStudioVersion = 10.0.40219.1
Project("{2150E333-8FDC-42A3-9474-1A3956D46DE8}") = "Sample", "Sample", "{5121A586-915F-41CC-A7CD-B5D55B61D8EB}"
EndProject
Project("{2150E333-8FDC-42A3-9474-1A3956D46DE8}") = "Tests", "Tests", "{A72EBCDF-772C-44A1-83A0-374ADC292215}"
EndProject
Project("{2150E333-8FDC-42A3-9474-1A3956D46DE8}") = "Unit", "Unit", "{5B82A235-4ACA-4990-9F00-05194D985E88}"
EndProject
Project("{2150E333-8FDC-42A3-9474-1A3956D46DE8}") = "Plugins", "Plugins", "{FF152348-3D66-4057-A7F9-948CDEC3731A}"
EndProject
Project("{2150E333-8FDC-42A3-9474-1A3956D46DE8}") = "Integration", "Integration", "{59DCFBA1-03F4-4015-A94C-1A5E3A62B272}"
EndProject
Project("{2150E333-8FDC-42A3-9474-1A3956D46DE8}") = ".nuget", ".nuget", "{443DC861-D264-4CE1-A635-736873AB3CCF}"
EndProject
Project("{FAE04EC0-301F-11D3-BF4B-00C04F79EFBC}") = "Sample.Host", "Samples\Sample.Host\Sample.Host.csproj", "{BA512BCD-B01C-486F-8CB0-FB586DE45B2C}"
EndProject
Project("{FAE04EC0-301F-11D3-BF4B-00C04F79EFBC}") = "Sample.Plugin", "Samples\Sample.Plugin\Sample.Plugin.csproj", "{09961085-2828-421C-BFCD-8F6A6102B464}"
EndProject
Project("{FAE04EC0-301F-11D3-BF4B-00C04F79EFBC}") = "Unit.Tests", "Tests\Unit.Tests\Unit.Tests.csproj", "{970F848C-56EE-407B-BB37-7331FD0C9636}"
EndProject
Project("{FAE04EC0-301F-11D3-BF4B-00C04F79EFBC}") = "Kola.Plugins.Core", "Plugins\Kola.Plugins.Core\Kola.Plugins.Core.csproj", "{61B22E63-05EB-4479-9033-B7A37D62EEF0}"
EndProject
Project("{FAE04EC0-301F-11D3-BF4B-00C04F79EFBC}") = "Integration.Tests", "Tests\Integration.Tests\Integration.Tests.csproj", "{F1BC4866-B5D6-41C9-9866-435927CCB399}"
EndProject
Project("{FAE04EC0-301F-11D3-BF4B-00C04F79EFBC}") = "Kola.Persistence", "Kola.Persistence\Kola.Persistence.csproj", "{30FF4407-715F-4E68-B375-2FFA9667D166}"
EndProject
Project("{FAE04EC0-301F-11D3-BF4B-00C04F79EFBC}") = "Kola.Domain", "Kola.Domain\Kola.Domain.csproj", "{30C44B29-C33B-4A77-A713-EFF0E2778F01}"
EndProject
Project("{FAE04EC0-301F-11D3-BF4B-00C04F79EFBC}") = "Kola.Configuration", "Kola.Configuration\Kola.Configuration.csproj", "{B507BF7D-EC86-4032-A0A9-D4010E49EB6B}"
EndProject
Project("{FAE04EC0-301F-11D3-BF4B-00C04F79EFBC}") = "Kola.Resources", "Kola.Resources\Kola.Resources.csproj", "{69AF2548-FB62-4648-8B0B-E7DB358DD585}"
EndProject
Project("{FAE04EC0-301F-11D3-BF4B-00C04F79EFBC}") = "Kola.Nancy", "Kola.Nancy\Kola.Nancy.csproj", "{794F2E5F-0481-4424-9E0C-21C5F61A2506}"
EndProject
Project("{FAE04EC0-301F-11D3-BF4B-00C04F79EFBC}") = "Kola.Service", "Kola.Service\Kola.Service.csproj", "{5872A1EB-F79F-4198-94F1-4FB5B86C0418}"
EndProject
Project("{FAE04EC0-301F-11D3-BF4B-00C04F79EFBC}") = "Kola.Client", "Kola.Client\Kola.Client.csproj", "{D3AA5EFC-6BF7-48D7-9B78-E4A3CE8D7CF5}"
EndProject
Project("{FAE04EC0-301F-11D3-BF4B-00C04F79EFBC}") = "Service.Tests", "tests\Service.Tests\Service.Tests.csproj", "{F302F9CB-306E-42A5-B623-C664015774E0}"
EndProject
Project("{FAE04EC0-301F-11D3-BF4B-00C04F79EFBC}") = "Persistence.Tests", "tests\Persistence.Tests\Persistence.Tests.csproj", "{018D46D9-28CC-4F7A-B92C-D91AD212E8CE}"
EndProject
Global
	GlobalSection(SolutionConfigurationPlatforms) = preSolution
		Debug|Any CPU = Debug|Any CPU
		Debug|Mixed Platforms = Debug|Mixed Platforms
		Debug|x86 = Debug|x86
		Release|Any CPU = Release|Any CPU
		Release|Mixed Platforms = Release|Mixed Platforms
		Release|x86 = Release|x86
	EndGlobalSection
	GlobalSection(ProjectConfigurationPlatforms) = postSolution
		{BA512BCD-B01C-486F-8CB0-FB586DE45B2C}.Debug|Any CPU.ActiveCfg = Debug|Any CPU
		{BA512BCD-B01C-486F-8CB0-FB586DE45B2C}.Debug|Any CPU.Build.0 = Debug|Any CPU
		{BA512BCD-B01C-486F-8CB0-FB586DE45B2C}.Debug|Mixed Platforms.ActiveCfg = Debug|Any CPU
		{BA512BCD-B01C-486F-8CB0-FB586DE45B2C}.Debug|Mixed Platforms.Build.0 = Debug|Any CPU
		{BA512BCD-B01C-486F-8CB0-FB586DE45B2C}.Debug|x86.ActiveCfg = Debug|Any CPU
		{BA512BCD-B01C-486F-8CB0-FB586DE45B2C}.Release|Any CPU.ActiveCfg = Release|Any CPU
		{BA512BCD-B01C-486F-8CB0-FB586DE45B2C}.Release|Any CPU.Build.0 = Release|Any CPU
		{BA512BCD-B01C-486F-8CB0-FB586DE45B2C}.Release|Mixed Platforms.ActiveCfg = Release|Any CPU
		{BA512BCD-B01C-486F-8CB0-FB586DE45B2C}.Release|Mixed Platforms.Build.0 = Release|Any CPU
		{BA512BCD-B01C-486F-8CB0-FB586DE45B2C}.Release|x86.ActiveCfg = Release|Any CPU
		{09961085-2828-421C-BFCD-8F6A6102B464}.Debug|Any CPU.ActiveCfg = Debug|Any CPU
		{09961085-2828-421C-BFCD-8F6A6102B464}.Debug|Any CPU.Build.0 = Debug|Any CPU
		{09961085-2828-421C-BFCD-8F6A6102B464}.Debug|Mixed Platforms.ActiveCfg = Debug|Any CPU
		{09961085-2828-421C-BFCD-8F6A6102B464}.Debug|Mixed Platforms.Build.0 = Debug|Any CPU
		{09961085-2828-421C-BFCD-8F6A6102B464}.Debug|x86.ActiveCfg = Debug|Any CPU
		{09961085-2828-421C-BFCD-8F6A6102B464}.Release|Any CPU.ActiveCfg = Release|Any CPU
		{09961085-2828-421C-BFCD-8F6A6102B464}.Release|Any CPU.Build.0 = Release|Any CPU
		{09961085-2828-421C-BFCD-8F6A6102B464}.Release|Mixed Platforms.ActiveCfg = Release|Any CPU
		{09961085-2828-421C-BFCD-8F6A6102B464}.Release|Mixed Platforms.Build.0 = Release|Any CPU
		{09961085-2828-421C-BFCD-8F6A6102B464}.Release|x86.ActiveCfg = Release|Any CPU
		{970F848C-56EE-407B-BB37-7331FD0C9636}.Debug|Any CPU.ActiveCfg = Debug|Any CPU
		{970F848C-56EE-407B-BB37-7331FD0C9636}.Debug|Any CPU.Build.0 = Debug|Any CPU
		{970F848C-56EE-407B-BB37-7331FD0C9636}.Debug|Mixed Platforms.ActiveCfg = Debug|Any CPU
		{970F848C-56EE-407B-BB37-7331FD0C9636}.Debug|Mixed Platforms.Build.0 = Debug|Any CPU
		{970F848C-56EE-407B-BB37-7331FD0C9636}.Debug|x86.ActiveCfg = Debug|Any CPU
		{970F848C-56EE-407B-BB37-7331FD0C9636}.Release|Any CPU.ActiveCfg = Release|Any CPU
		{970F848C-56EE-407B-BB37-7331FD0C9636}.Release|Any CPU.Build.0 = Release|Any CPU
		{970F848C-56EE-407B-BB37-7331FD0C9636}.Release|Mixed Platforms.ActiveCfg = Release|Any CPU
		{970F848C-56EE-407B-BB37-7331FD0C9636}.Release|Mixed Platforms.Build.0 = Release|Any CPU
		{970F848C-56EE-407B-BB37-7331FD0C9636}.Release|x86.ActiveCfg = Release|Any CPU
		{61B22E63-05EB-4479-9033-B7A37D62EEF0}.Debug|Any CPU.ActiveCfg = Debug|Any CPU
		{61B22E63-05EB-4479-9033-B7A37D62EEF0}.Debug|Any CPU.Build.0 = Debug|Any CPU
		{61B22E63-05EB-4479-9033-B7A37D62EEF0}.Debug|Mixed Platforms.ActiveCfg = Debug|Any CPU
		{61B22E63-05EB-4479-9033-B7A37D62EEF0}.Debug|Mixed Platforms.Build.0 = Debug|Any CPU
		{61B22E63-05EB-4479-9033-B7A37D62EEF0}.Debug|x86.ActiveCfg = Debug|Any CPU
		{61B22E63-05EB-4479-9033-B7A37D62EEF0}.Release|Any CPU.ActiveCfg = Release|Any CPU
		{61B22E63-05EB-4479-9033-B7A37D62EEF0}.Release|Any CPU.Build.0 = Release|Any CPU
		{61B22E63-05EB-4479-9033-B7A37D62EEF0}.Release|Mixed Platforms.ActiveCfg = Release|Any CPU
		{61B22E63-05EB-4479-9033-B7A37D62EEF0}.Release|Mixed Platforms.Build.0 = Release|Any CPU
		{61B22E63-05EB-4479-9033-B7A37D62EEF0}.Release|x86.ActiveCfg = Release|Any CPU
		{F1BC4866-B5D6-41C9-9866-435927CCB399}.Debug|Any CPU.ActiveCfg = Debug|Any CPU
		{F1BC4866-B5D6-41C9-9866-435927CCB399}.Debug|Any CPU.Build.0 = Debug|Any CPU
		{F1BC4866-B5D6-41C9-9866-435927CCB399}.Debug|Mixed Platforms.ActiveCfg = Debug|Any CPU
		{F1BC4866-B5D6-41C9-9866-435927CCB399}.Debug|Mixed Platforms.Build.0 = Debug|Any CPU
		{F1BC4866-B5D6-41C9-9866-435927CCB399}.Debug|x86.ActiveCfg = Debug|Any CPU
		{F1BC4866-B5D6-41C9-9866-435927CCB399}.Release|Any CPU.ActiveCfg = Release|Any CPU
		{F1BC4866-B5D6-41C9-9866-435927CCB399}.Release|Any CPU.Build.0 = Release|Any CPU
		{F1BC4866-B5D6-41C9-9866-435927CCB399}.Release|Mixed Platforms.ActiveCfg = Release|Any CPU
		{F1BC4866-B5D6-41C9-9866-435927CCB399}.Release|Mixed Platforms.Build.0 = Release|Any CPU
		{F1BC4866-B5D6-41C9-9866-435927CCB399}.Release|x86.ActiveCfg = Release|Any CPU
		{30FF4407-715F-4E68-B375-2FFA9667D166}.Debug|Any CPU.ActiveCfg = Debug|Any CPU
		{30FF4407-715F-4E68-B375-2FFA9667D166}.Debug|Any CPU.Build.0 = Debug|Any CPU
		{30FF4407-715F-4E68-B375-2FFA9667D166}.Debug|Mixed Platforms.ActiveCfg = Debug|Any CPU
		{30FF4407-715F-4E68-B375-2FFA9667D166}.Debug|Mixed Platforms.Build.0 = Debug|Any CPU
		{30FF4407-715F-4E68-B375-2FFA9667D166}.Debug|x86.ActiveCfg = Debug|Any CPU
		{30FF4407-715F-4E68-B375-2FFA9667D166}.Release|Any CPU.ActiveCfg = Release|Any CPU
		{30FF4407-715F-4E68-B375-2FFA9667D166}.Release|Any CPU.Build.0 = Release|Any CPU
		{30FF4407-715F-4E68-B375-2FFA9667D166}.Release|Mixed Platforms.ActiveCfg = Release|Any CPU
		{30FF4407-715F-4E68-B375-2FFA9667D166}.Release|Mixed Platforms.Build.0 = Release|Any CPU
		{30FF4407-715F-4E68-B375-2FFA9667D166}.Release|x86.ActiveCfg = Release|Any CPU
		{30C44B29-C33B-4A77-A713-EFF0E2778F01}.Debug|Any CPU.ActiveCfg = Debug|Any CPU
		{30C44B29-C33B-4A77-A713-EFF0E2778F01}.Debug|Any CPU.Build.0 = Debug|Any CPU
		{30C44B29-C33B-4A77-A713-EFF0E2778F01}.Debug|Mixed Platforms.ActiveCfg = Debug|Any CPU
		{30C44B29-C33B-4A77-A713-EFF0E2778F01}.Debug|Mixed Platforms.Build.0 = Debug|Any CPU
		{30C44B29-C33B-4A77-A713-EFF0E2778F01}.Debug|x86.ActiveCfg = Debug|Any CPU
		{30C44B29-C33B-4A77-A713-EFF0E2778F01}.Release|Any CPU.ActiveCfg = Release|Any CPU
		{30C44B29-C33B-4A77-A713-EFF0E2778F01}.Release|Any CPU.Build.0 = Release|Any CPU
		{30C44B29-C33B-4A77-A713-EFF0E2778F01}.Release|Mixed Platforms.ActiveCfg = Release|Any CPU
		{30C44B29-C33B-4A77-A713-EFF0E2778F01}.Release|Mixed Platforms.Build.0 = Release|Any CPU
		{30C44B29-C33B-4A77-A713-EFF0E2778F01}.Release|x86.ActiveCfg = Release|Any CPU
		{B507BF7D-EC86-4032-A0A9-D4010E49EB6B}.Debug|Any CPU.ActiveCfg = Debug|Any CPU
		{B507BF7D-EC86-4032-A0A9-D4010E49EB6B}.Debug|Any CPU.Build.0 = Debug|Any CPU
		{B507BF7D-EC86-4032-A0A9-D4010E49EB6B}.Debug|Mixed Platforms.ActiveCfg = Debug|Any CPU
		{B507BF7D-EC86-4032-A0A9-D4010E49EB6B}.Debug|Mixed Platforms.Build.0 = Debug|Any CPU
		{B507BF7D-EC86-4032-A0A9-D4010E49EB6B}.Debug|x86.ActiveCfg = Debug|Any CPU
		{B507BF7D-EC86-4032-A0A9-D4010E49EB6B}.Release|Any CPU.ActiveCfg = Release|Any CPU
		{B507BF7D-EC86-4032-A0A9-D4010E49EB6B}.Release|Any CPU.Build.0 = Release|Any CPU
		{B507BF7D-EC86-4032-A0A9-D4010E49EB6B}.Release|Mixed Platforms.ActiveCfg = Release|Any CPU
		{B507BF7D-EC86-4032-A0A9-D4010E49EB6B}.Release|Mixed Platforms.Build.0 = Release|Any CPU
		{B507BF7D-EC86-4032-A0A9-D4010E49EB6B}.Release|x86.ActiveCfg = Release|Any CPU
		{69AF2548-FB62-4648-8B0B-E7DB358DD585}.Debug|Any CPU.ActiveCfg = Debug|Any CPU
		{69AF2548-FB62-4648-8B0B-E7DB358DD585}.Debug|Any CPU.Build.0 = Debug|Any CPU
		{69AF2548-FB62-4648-8B0B-E7DB358DD585}.Debug|Mixed Platforms.ActiveCfg = Debug|Any CPU
		{69AF2548-FB62-4648-8B0B-E7DB358DD585}.Debug|Mixed Platforms.Build.0 = Debug|Any CPU
		{69AF2548-FB62-4648-8B0B-E7DB358DD585}.Debug|x86.ActiveCfg = Debug|Any CPU
		{69AF2548-FB62-4648-8B0B-E7DB358DD585}.Release|Any CPU.ActiveCfg = Release|Any CPU
		{69AF2548-FB62-4648-8B0B-E7DB358DD585}.Release|Any CPU.Build.0 = Release|Any CPU
		{69AF2548-FB62-4648-8B0B-E7DB358DD585}.Release|Mixed Platforms.ActiveCfg = Release|Any CPU
		{69AF2548-FB62-4648-8B0B-E7DB358DD585}.Release|Mixed Platforms.Build.0 = Release|Any CPU
		{69AF2548-FB62-4648-8B0B-E7DB358DD585}.Release|x86.ActiveCfg = Release|Any CPU
		{794F2E5F-0481-4424-9E0C-21C5F61A2506}.Debug|Any CPU.ActiveCfg = Debug|Any CPU
		{794F2E5F-0481-4424-9E0C-21C5F61A2506}.Debug|Any CPU.Build.0 = Debug|Any CPU
		{794F2E5F-0481-4424-9E0C-21C5F61A2506}.Debug|Mixed Platforms.ActiveCfg = Debug|Any CPU
		{794F2E5F-0481-4424-9E0C-21C5F61A2506}.Debug|Mixed Platforms.Build.0 = Debug|Any CPU
		{794F2E5F-0481-4424-9E0C-21C5F61A2506}.Debug|x86.ActiveCfg = Debug|Any CPU
		{794F2E5F-0481-4424-9E0C-21C5F61A2506}.Release|Any CPU.ActiveCfg = Release|Any CPU
		{794F2E5F-0481-4424-9E0C-21C5F61A2506}.Release|Any CPU.Build.0 = Release|Any CPU
		{794F2E5F-0481-4424-9E0C-21C5F61A2506}.Release|Mixed Platforms.ActiveCfg = Release|Any CPU
		{794F2E5F-0481-4424-9E0C-21C5F61A2506}.Release|Mixed Platforms.Build.0 = Release|Any CPU
		{794F2E5F-0481-4424-9E0C-21C5F61A2506}.Release|x86.ActiveCfg = Release|Any CPU
		{5872A1EB-F79F-4198-94F1-4FB5B86C0418}.Debug|Any CPU.ActiveCfg = Debug|Any CPU
		{5872A1EB-F79F-4198-94F1-4FB5B86C0418}.Debug|Any CPU.Build.0 = Debug|Any CPU
		{5872A1EB-F79F-4198-94F1-4FB5B86C0418}.Debug|Mixed Platforms.ActiveCfg = Debug|Any CPU
		{5872A1EB-F79F-4198-94F1-4FB5B86C0418}.Debug|Mixed Platforms.Build.0 = Debug|Any CPU
		{5872A1EB-F79F-4198-94F1-4FB5B86C0418}.Debug|x86.ActiveCfg = Debug|Any CPU
		{5872A1EB-F79F-4198-94F1-4FB5B86C0418}.Release|Any CPU.ActiveCfg = Release|Any CPU
		{5872A1EB-F79F-4198-94F1-4FB5B86C0418}.Release|Any CPU.Build.0 = Release|Any CPU
		{5872A1EB-F79F-4198-94F1-4FB5B86C0418}.Release|Mixed Platforms.ActiveCfg = Release|Any CPU
		{5872A1EB-F79F-4198-94F1-4FB5B86C0418}.Release|Mixed Platforms.Build.0 = Release|Any CPU
		{5872A1EB-F79F-4198-94F1-4FB5B86C0418}.Release|x86.ActiveCfg = Release|Any CPU
		{D3AA5EFC-6BF7-48D7-9B78-E4A3CE8D7CF5}.Debug|Any CPU.ActiveCfg = Debug|Any CPU
		{D3AA5EFC-6BF7-48D7-9B78-E4A3CE8D7CF5}.Debug|Any CPU.Build.0 = Debug|Any CPU
		{D3AA5EFC-6BF7-48D7-9B78-E4A3CE8D7CF5}.Debug|Mixed Platforms.ActiveCfg = Debug|Any CPU
		{D3AA5EFC-6BF7-48D7-9B78-E4A3CE8D7CF5}.Debug|Mixed Platforms.Build.0 = Debug|Any CPU
		{D3AA5EFC-6BF7-48D7-9B78-E4A3CE8D7CF5}.Debug|x86.ActiveCfg = Debug|Any CPU
		{D3AA5EFC-6BF7-48D7-9B78-E4A3CE8D7CF5}.Release|Any CPU.ActiveCfg = Release|Any CPU
		{D3AA5EFC-6BF7-48D7-9B78-E4A3CE8D7CF5}.Release|Any CPU.Build.0 = Release|Any CPU
		{D3AA5EFC-6BF7-48D7-9B78-E4A3CE8D7CF5}.Release|Mixed Platforms.ActiveCfg = Release|Any CPU
		{D3AA5EFC-6BF7-48D7-9B78-E4A3CE8D7CF5}.Release|Mixed Platforms.Build.0 = Release|Any CPU
		{D3AA5EFC-6BF7-48D7-9B78-E4A3CE8D7CF5}.Release|x86.ActiveCfg = Release|Any CPU
		{F302F9CB-306E-42A5-B623-C664015774E0}.Debug|Any CPU.ActiveCfg = Debug|Any CPU
		{F302F9CB-306E-42A5-B623-C664015774E0}.Debug|Any CPU.Build.0 = Debug|Any CPU
		{F302F9CB-306E-42A5-B623-C664015774E0}.Debug|Mixed Platforms.ActiveCfg = Debug|Any CPU
		{F302F9CB-306E-42A5-B623-C664015774E0}.Debug|Mixed Platforms.Build.0 = Debug|Any CPU
		{F302F9CB-306E-42A5-B623-C664015774E0}.Debug|x86.ActiveCfg = Debug|Any CPU
		{F302F9CB-306E-42A5-B623-C664015774E0}.Debug|x86.Build.0 = Debug|Any CPU
		{F302F9CB-306E-42A5-B623-C664015774E0}.Release|Any CPU.ActiveCfg = Release|Any CPU
		{F302F9CB-306E-42A5-B623-C664015774E0}.Release|Any CPU.Build.0 = Release|Any CPU
		{F302F9CB-306E-42A5-B623-C664015774E0}.Release|Mixed Platforms.ActiveCfg = Release|Any CPU
		{F302F9CB-306E-42A5-B623-C664015774E0}.Release|Mixed Platforms.Build.0 = Release|Any CPU
		{F302F9CB-306E-42A5-B623-C664015774E0}.Release|x86.ActiveCfg = Release|Any CPU
		{F302F9CB-306E-42A5-B623-C664015774E0}.Release|x86.Build.0 = Release|Any CPU
		{018D46D9-28CC-4F7A-B92C-D91AD212E8CE}.Debug|Any CPU.ActiveCfg = Debug|Any CPU
		{018D46D9-28CC-4F7A-B92C-D91AD212E8CE}.Debug|Any CPU.Build.0 = Debug|Any CPU
		{018D46D9-28CC-4F7A-B92C-D91AD212E8CE}.Debug|Mixed Platforms.ActiveCfg = Debug|Any CPU
		{018D46D9-28CC-4F7A-B92C-D91AD212E8CE}.Debug|Mixed Platforms.Build.0 = Debug|Any CPU
		{018D46D9-28CC-4F7A-B92C-D91AD212E8CE}.Debug|x86.ActiveCfg = Debug|Any CPU
		{018D46D9-28CC-4F7A-B92C-D91AD212E8CE}.Debug|x86.Build.0 = Debug|Any CPU
		{018D46D9-28CC-4F7A-B92C-D91AD212E8CE}.Release|Any CPU.ActiveCfg = Release|Any CPU
		{018D46D9-28CC-4F7A-B92C-D91AD212E8CE}.Release|Any CPU.Build.0 = Release|Any CPU
		{018D46D9-28CC-4F7A-B92C-D91AD212E8CE}.Release|Mixed Platforms.ActiveCfg = Release|Any CPU
		{018D46D9-28CC-4F7A-B92C-D91AD212E8CE}.Release|Mixed Platforms.Build.0 = Release|Any CPU
		{018D46D9-28CC-4F7A-B92C-D91AD212E8CE}.Release|x86.ActiveCfg = Release|Any CPU
		{018D46D9-28CC-4F7A-B92C-D91AD212E8CE}.Release|x86.Build.0 = Release|Any CPU
	EndGlobalSection
	GlobalSection(SolutionProperties) = preSolution
		HideSolutionNode = FALSE
	EndGlobalSection
	GlobalSection(NestedProjects) = preSolution
		{5B82A235-4ACA-4990-9F00-05194D985E88} = {A72EBCDF-772C-44A1-83A0-374ADC292215}
		{59DCFBA1-03F4-4015-A94C-1A5E3A62B272} = {A72EBCDF-772C-44A1-83A0-374ADC292215}
		{BA512BCD-B01C-486F-8CB0-FB586DE45B2C} = {5121A586-915F-41CC-A7CD-B5D55B61D8EB}
		{09961085-2828-421C-BFCD-8F6A6102B464} = {5121A586-915F-41CC-A7CD-B5D55B61D8EB}
		{970F848C-56EE-407B-BB37-7331FD0C9636} = {5B82A235-4ACA-4990-9F00-05194D985E88}
		{61B22E63-05EB-4479-9033-B7A37D62EEF0} = {FF152348-3D66-4057-A7F9-948CDEC3731A}
		{F1BC4866-B5D6-41C9-9866-435927CCB399} = {59DCFBA1-03F4-4015-A94C-1A5E3A62B272}
		{F302F9CB-306E-42A5-B623-C664015774E0} = {5B82A235-4ACA-4990-9F00-05194D985E88}
		{018D46D9-28CC-4F7A-B92C-D91AD212E8CE} = {5B82A235-4ACA-4990-9F00-05194D985E88}
	EndGlobalSection
	GlobalSection(NDepend) = preSolution
		Project = ".\Kola.ndproj"
	EndGlobalSection
EndGlobal
