
Microsoft Visual Studio Solution File, Format Version 11.00
# Visual Studio 2010
Project("{FAE04EC0-301F-11D3-BF4B-00C04F79EFBC}") = "Sample.Host", "Samples\Sample.Host\Sample.Host.csproj", "{BA512BCD-B01C-486F-8CB0-FB586DE45B2C}"
EndProject
Project("{2150E333-8FDC-42A3-9474-1A3956D46DE8}") = "Sample", "Sample", "{5121A586-915F-41CC-A7CD-B5D55B61D8EB}"
EndProject
Project("{FAE04EC0-301F-11D3-BF4B-00C04F79EFBC}") = "Sample.Plugin", "Samples\Sample.Plugin\Sample.Plugin.csproj", "{09961085-2828-421C-BFCD-8F6A6102B464}"
EndProject
Project("{FAE04EC0-301F-11D3-BF4B-00C04F79EFBC}") = "Kola", "Kola\Kola.csproj", "{22D48FD5-8CA9-4B0E-9090-742C9A064833}"
EndProject
Project("{2150E333-8FDC-42A3-9474-1A3956D46DE8}") = "Tests", "Tests", "{A72EBCDF-772C-44A1-83A0-374ADC292215}"
EndProject
Project("{2150E333-8FDC-42A3-9474-1A3956D46DE8}") = "Unit", "Unit", "{5B82A235-4ACA-4990-9F00-05194D985E88}"
EndProject
Project("{FAE04EC0-301F-11D3-BF4B-00C04F79EFBC}") = "Unit.Tests", "Tests\Unit.Tests\Unit.Tests.csproj", "{970F848C-56EE-407B-BB37-7331FD0C9636}"
EndProject
Project("{2150E333-8FDC-42A3-9474-1A3956D46DE8}") = "Plugins", "Plugins", "{FF152348-3D66-4057-A7F9-948CDEC3731A}"
EndProject
Project("{FAE04EC0-301F-11D3-BF4B-00C04F79EFBC}") = "Kola.Plugins.Core", "Plugins\Kola.Nancy.Razor.Plugins.Core\Kola.Plugins.Core.csproj", "{61B22E63-05EB-4479-9033-B7A37D62EEF0}"
EndProject
Global
	GlobalSection(SolutionConfigurationPlatforms) = preSolution
		Debug|Any CPU = Debug|Any CPU
		Release|Any CPU = Release|Any CPU
	EndGlobalSection
	GlobalSection(ProjectConfigurationPlatforms) = postSolution
		{BA512BCD-B01C-486F-8CB0-FB586DE45B2C}.Debug|Any CPU.ActiveCfg = Debug|Any CPU
		{BA512BCD-B01C-486F-8CB0-FB586DE45B2C}.Debug|Any CPU.Build.0 = Debug|Any CPU
		{BA512BCD-B01C-486F-8CB0-FB586DE45B2C}.Release|Any CPU.ActiveCfg = Release|Any CPU
		{BA512BCD-B01C-486F-8CB0-FB586DE45B2C}.Release|Any CPU.Build.0 = Release|Any CPU
		{09961085-2828-421C-BFCD-8F6A6102B464}.Debug|Any CPU.ActiveCfg = Debug|Any CPU
		{09961085-2828-421C-BFCD-8F6A6102B464}.Debug|Any CPU.Build.0 = Debug|Any CPU
		{09961085-2828-421C-BFCD-8F6A6102B464}.Release|Any CPU.ActiveCfg = Release|Any CPU
		{09961085-2828-421C-BFCD-8F6A6102B464}.Release|Any CPU.Build.0 = Release|Any CPU
		{22D48FD5-8CA9-4B0E-9090-742C9A064833}.Debug|Any CPU.ActiveCfg = Debug|Any CPU
		{22D48FD5-8CA9-4B0E-9090-742C9A064833}.Debug|Any CPU.Build.0 = Debug|Any CPU
		{22D48FD5-8CA9-4B0E-9090-742C9A064833}.Release|Any CPU.ActiveCfg = Release|Any CPU
		{22D48FD5-8CA9-4B0E-9090-742C9A064833}.Release|Any CPU.Build.0 = Release|Any CPU
		{970F848C-56EE-407B-BB37-7331FD0C9636}.Debug|Any CPU.ActiveCfg = Debug|Any CPU
		{970F848C-56EE-407B-BB37-7331FD0C9636}.Debug|Any CPU.Build.0 = Debug|Any CPU
		{970F848C-56EE-407B-BB37-7331FD0C9636}.Release|Any CPU.ActiveCfg = Release|Any CPU
		{970F848C-56EE-407B-BB37-7331FD0C9636}.Release|Any CPU.Build.0 = Release|Any CPU
		{61B22E63-05EB-4479-9033-B7A37D62EEF0}.Debug|Any CPU.ActiveCfg = Debug|Any CPU
		{61B22E63-05EB-4479-9033-B7A37D62EEF0}.Debug|Any CPU.Build.0 = Debug|Any CPU
		{61B22E63-05EB-4479-9033-B7A37D62EEF0}.Release|Any CPU.ActiveCfg = Release|Any CPU
		{61B22E63-05EB-4479-9033-B7A37D62EEF0}.Release|Any CPU.Build.0 = Release|Any CPU
	EndGlobalSection
	GlobalSection(SolutionProperties) = preSolution
		HideSolutionNode = FALSE
	EndGlobalSection
	GlobalSection(NestedProjects) = preSolution
		{BA512BCD-B01C-486F-8CB0-FB586DE45B2C} = {5121A586-915F-41CC-A7CD-B5D55B61D8EB}
		{09961085-2828-421C-BFCD-8F6A6102B464} = {5121A586-915F-41CC-A7CD-B5D55B61D8EB}
		{5B82A235-4ACA-4990-9F00-05194D985E88} = {A72EBCDF-772C-44A1-83A0-374ADC292215}
		{970F848C-56EE-407B-BB37-7331FD0C9636} = {5B82A235-4ACA-4990-9F00-05194D985E88}
		{61B22E63-05EB-4479-9033-B7A37D62EEF0} = {FF152348-3D66-4057-A7F9-948CDEC3731A}
	EndGlobalSection
EndGlobal
